
Microsoft Visual Studio Solution File, Format Version 12.00
# Visual Studio Version 16
VisualStudioVersion = 16.0.30907.101
MinimumVisualStudioVersion = 10.0.40219.1
Project("{FAE04EC0-301F-11D3-BF4B-00C04F79EFBC}") = "DevMail", "DevMail.csproj", "{1A61E5F6-8593-44C4-B06E-B35E9BE01935}"
EndProject
Global
	GlobalSection(SolutionConfigurationPlatforms) = preSolution
		Debug|Any CPU = Debug|Any CPU
		Release|Any CPU = Release|Any CPU
	EndGlobalSection
	GlobalSection(ProjectConfigurationPlatforms) = postSolution
		{1A61E5F6-8593-44C4-B06E-B35E9BE01935}.Debug|Any CPU.ActiveCfg = Debug|Any CPU
		{1A61E5F6-8593-44C4-B06E-B35E9BE01935}.Debug|Any CPU.Build.0 = Debug|Any CPU
		{1A61E5F6-8593-44C4-B06E-B35E9BE01935}.Release|Any CPU.ActiveCfg = Release|Any CPU
		{1A61E5F6-8593-44C4-B06E-B35E9BE01935}.Release|Any CPU.Build.0 = Release|Any CPU
	EndGlobalSection
	GlobalSection(SolutionProperties) = preSolution
		HideSolutionNode = FALSE
	EndGlobalSection
	GlobalSection(ExtensibilityGlobals) = postSolution
		SolutionGuid = {FB18665C-A345-46EA-A825-89AC9A1E836F}
	EndGlobalSection
EndGlobal
